// !$*UTF8*$!
{
	archiveVersion = 1;
	classes = {
	};
	objectVersion = 46;
	objects = {

/* Begin PBXBuildFile section */
		9A744CB51F451E37001EE6AA /* AppDelegate.swift in Sources */ = {isa = PBXBuildFile; fileRef = 9A744CB41F451E37001EE6AA /* AppDelegate.swift */; };
		9A744CB71F451E37001EE6AA /* ViewController.swift in Sources */ = {isa = PBXBuildFile; fileRef = 9A744CB61F451E37001EE6AA /* ViewController.swift */; };
		9A744CBA1F451E37001EE6AA /* Main.storyboard in Resources */ = {isa = PBXBuildFile; fileRef = 9A744CB81F451E37001EE6AA /* Main.storyboard */; };
		9A744CBC1F451E37001EE6AA /* Assets.xcassets in Resources */ = {isa = PBXBuildFile; fileRef = 9A744CBB1F451E37001EE6AA /* Assets.xcassets */; };
		9A744CBF1F451E37001EE6AA /* LaunchScreen.storyboard in Resources */ = {isa = PBXBuildFile; fileRef = 9A744CBD1F451E37001EE6AA /* LaunchScreen.storyboard */; };
		9A744CC71F4522C9001EE6AA /* LoginViewController.swift in Sources */ = {isa = PBXBuildFile; fileRef = 9A744CC61F4522C9001EE6AA /* LoginViewController.swift */; };
		9A744CC91F45502B001EE6AA /* BookListTableViewController.swift in Sources */ = {isa = PBXBuildFile; fileRef = 9A744CC81F45502B001EE6AA /* BookListTableViewController.swift */; };
		9A744CCB1F455A47001EE6AA /* Book.swift in Sources */ = {isa = PBXBuildFile; fileRef = 9A744CCA1F455A47001EE6AA /* Book.swift */; };
		9A744CCD1F456337001EE6AA /* BookDetailViewController.swift in Sources */ = {isa = PBXBuildFile; fileRef = 9A744CCC1F456337001EE6AA /* BookDetailViewController.swift */; };
		9A744CCF1F456E79001EE6AA /* WebViewController.swift in Sources */ = {isa = PBXBuildFile; fileRef = 9A744CCE1F456E79001EE6AA /* WebViewController.swift */; };
/* End PBXBuildFile section */

/* Begin PBXFileReference section */
		9A744CB11F451E37001EE6AA /* MyBook.app */ = {isa = PBXFileReference; explicitFileType = wrapper.application; includeInIndex = 0; path = MyBook.app; sourceTree = BUILT_PRODUCTS_DIR; };
		9A744CB41F451E37001EE6AA /* AppDelegate.swift */ = {isa = PBXFileReference; lastKnownFileType = sourcecode.swift; path = AppDelegate.swift; sourceTree = "<group>"; };
		9A744CB61F451E37001EE6AA /* ViewController.swift */ = {isa = PBXFileReference; lastKnownFileType = sourcecode.swift; path = ViewController.swift; sourceTree = "<group>"; };
		9A744CB91F451E37001EE6AA /* Base */ = {isa = PBXFileReference; lastKnownFileType = file.storyboard; name = Base; path = Base.lproj/Main.storyboard; sourceTree = "<group>"; };
		9A744CBB1F451E37001EE6AA /* Assets.xcassets */ = {isa = PBXFileReference; lastKnownFileType = folder.assetcatalog; path = Assets.xcassets; sourceTree = "<group>"; };
		9A744CBE1F451E37001EE6AA /* Base */ = {isa = PBXFileReference; lastKnownFileType = file.storyboard; name = Base; path = Base.lproj/LaunchScreen.storyboard; sourceTree = "<group>"; };
		9A744CC01F451E37001EE6AA /* Info.plist */ = {isa = PBXFileReference; lastKnownFileType = text.plist.xml; path = Info.plist; sourceTree = "<group>"; };
		9A744CC61F4522C9001EE6AA /* LoginViewController.swift */ = {isa = PBXFileReference; fileEncoding = 4; lastKnownFileType = sourcecode.swift; path = LoginViewController.swift; sourceTree = "<group>"; };
		9A744CC81F45502B001EE6AA /* BookListTableViewController.swift */ = {isa = PBXFileReference; fileEncoding = 4; lastKnownFileType = sourcecode.swift; path = BookListTableViewController.swift; sourceTree = "<group>"; };
		9A744CCA1F455A47001EE6AA /* Book.swift */ = {isa = PBXFileReference; fileEncoding = 4; lastKnownFileType = sourcecode.swift; path = Book.swift; sourceTree = "<group>"; };
		9A744CCC1F456337001EE6AA /* BookDetailViewController.swift */ = {isa = PBXFileReference; fileEncoding = 4; lastKnownFileType = sourcecode.swift; path = BookDetailViewController.swift; sourceTree = "<group>"; };
		9A744CCE1F456E79001EE6AA /* WebViewController.swift */ = {isa = PBXFileReference; fileEncoding = 4; lastKnownFileType = sourcecode.swift; path = WebViewController.swift; sourceTree = "<group>"; };
/* End PBXFileReference section */

/* Begin PBXFrameworksBuildPhase section */
		9A744CAE1F451E37001EE6AA /* Frameworks */ = {
			isa = PBXFrameworksBuildPhase;
			buildActionMask = 2147483647;
			files = (
			);
			runOnlyForDeploymentPostprocessing = 0;
		};
/* End PBXFrameworksBuildPhase section */

/* Begin PBXGroup section */
		9A744CA81F451E37001EE6AA = {
			isa = PBXGroup;
			children = (
				9A744CB31F451E37001EE6AA /* MyBook */,
				9A744CB21F451E37001EE6AA /* Products */,
			);
			sourceTree = "<group>";
		};
		9A744CB21F451E37001EE6AA /* Products */ = {
			isa = PBXGroup;
			children = (
				9A744CB11F451E37001EE6AA /* MyBook.app */,
			);
			name = Products;
			sourceTree = "<group>";
		};
		9A744CB31F451E37001EE6AA /* MyBook */ = {
			isa = PBXGroup;
			children = (
				9A744CB41F451E37001EE6AA /* AppDelegate.swift */,
				9A744CB61F451E37001EE6AA /* ViewController.swift */,
				9A744CB81F451E37001EE6AA /* Main.storyboard */,
				9A744CBB1F451E37001EE6AA /* Assets.xcassets */,
				9A744CBD1F451E37001EE6AA /* LaunchScreen.storyboard */,
				9A744CC01F451E37001EE6AA /* Info.plist */,
				9A744CC61F4522C9001EE6AA /* LoginViewController.swift */,
				9A744CC81F45502B001EE6AA /* BookListTableViewController.swift */,
				9A744CCA1F455A47001EE6AA /* Book.swift */,
				9A744CCC1F456337001EE6AA /* BookDetailViewController.swift */,
				9A744CCE1F456E79001EE6AA /* WebViewController.swift */,
			);
			path = MyBook;
			sourceTree = "<group>";
		};
/* End PBXGroup section */

/* Begin PBXNativeTarget section */
		9A744CB01F451E37001EE6AA /* MyBook */ = {
			isa = PBXNativeTarget;
			buildConfigurationList = 9A744CC31F451E37001EE6AA /* Build configuration list for PBXNativeTarget "MyBook" */;
			buildPhases = (
				9A744CAD1F451E37001EE6AA /* Sources */,
				9A744CAE1F451E37001EE6AA /* Frameworks */,
				9A744CAF1F451E37001EE6AA /* Resources */,
			);
			buildRules = (
			);
			dependencies = (
			);
			name = MyBook;
			productName = MyBook;
			productReference = 9A744CB11F451E37001EE6AA /* MyBook.app */;
			productType = "com.apple.product-type.application";
		};
/* End PBXNativeTarget section */

/* Begin PBXProject section */
		9A744CA91F451E37001EE6AA /* Project object */ = {
			isa = PBXProject;
			attributes = {
				LastSwiftUpdateCheck = 0830;
				LastUpgradeCheck = 0830;
				ORGANIZATIONNAME = "CJ, Inc";
				TargetAttributes = {
					9A744CB01F451E37001EE6AA = {
						CreatedOnToolsVersion = 8.3.3;
						DevelopmentTeam = T6F7RS8K8M;
						ProvisioningStyle = Automatic;
					};
				};
			};
			buildConfigurationList = 9A744CAC1F451E37001EE6AA /* Build configuration list for PBXProject "MyBook" */;
			compatibilityVersion = "Xcode 3.2";
			developmentRegion = English;
			hasScannedForEncodings = 0;
			knownRegions = (
				en,
				Base,
			);
			mainGroup = 9A744CA81F451E37001EE6AA;
			productRefGroup = 9A744CB21F451E37001EE6AA /* Products */;
			projectDirPath = "";
			projectRoot = "";
			targets = (
				9A744CB01F451E37001EE6AA /* MyBook */,
			);
		};
/* End PBXProject section */

/* Begin PBXResourcesBuildPhase section */
		9A744CAF1F451E37001EE6AA /* Resources */ = {
			isa = PBXResourcesBuildPhase;
			buildActionMask = 2147483647;
			files = (
				9A744CBF1F451E37001EE6AA /* LaunchScreen.storyboard in Resources */,
				9A744CBC1F451E37001EE6AA /* Assets.xcassets in Resources */,
				9A744CBA1F451E37001EE6AA /* Main.storyboard in Resources */,
			);
			runOnlyForDeploymentPostprocessing = 0;
		};
/* End PBXResourcesBuildPhase section */

/* Begin PBXSourcesBuildPhase section */
		9A744CAD1F451E37001EE6AA /* Sources */ = {
			isa = PBXSourcesBuildPhase;
			buildActionMask = 2147483647;
			files = (
				9A744CC71F4522C9001EE6AA /* LoginViewController.swift in Sources */,
				9A744CB71F451E37001EE6AA /* ViewController.swift in Sources */,
				9A744CCD1F456337001EE6AA /* BookDetailViewController.swift in Sources */,
				9A744CC91F45502B001EE6AA /* BookListTableViewController.swift in Sources */,
				9A744CCF1F456E79001EE6AA /* WebViewController.swift in Sources */,
				9A744CCB1F455A47001EE6AA /* Book.swift in Sources */,
				9A744CB51F451E37001EE6AA /* AppDelegate.swift in Sources */,
			);
			runOnlyForDeploymentPostprocessing = 0;
		};
/* End PBXSourcesBuildPhase section */

/* Begin PBXVariantGroup section */
		9A744CB81F451E37001EE6AA /* Main.storyboard */ = {
			isa = PBXVariantGroup;
			children = (
				9A744CB91F451E37001EE6AA /* Base */,
			);
			name = Main.storyboard;
			sourceTree = "<group>";
		};
		9A744CBD1F451E37001EE6AA /* LaunchScreen.storyboard */ = {
			isa = PBXVariantGroup;
			children = (
				9A744CBE1F451E37001EE6AA /* Base */,
			);
			name = LaunchScreen.storyboard;
			sourceTree = "<group>";
		};
/* End PBXVariantGroup section */

/* Begin XCBuildConfiguration section */
		9A744CC11F451E37001EE6AA /* Debug */ = {
			isa = XCBuildConfiguration;
			buildSettings = {
				ALWAYS_SEARCH_USER_PATHS = NO;
				CLANG_ANALYZER_NONNULL = YES;
				CLANG_ANALYZER_NUMBER_OBJECT_CONVERSION = YES_AGGRESSIVE;
				CLANG_CXX_LANGUAGE_STANDARD = "gnu++0x";
				CLANG_CXX_LIBRARY = "libc++";
				CLANG_ENABLE_MODULES = YES;
				CLANG_ENABLE_OBJC_ARC = YES;
				CLANG_WARN_BOOL_CONVERSION = YES;
				CLANG_WARN_CONSTANT_CONVERSION = YES;
				CLANG_WARN_DIRECT_OBJC_ISA_USAGE = YES_ERROR;
				CLANG_WARN_DOCUMENTATION_COMMENTS = YES;
				CLANG_WARN_EMPTY_BODY = YES;
				CLANG_WARN_ENUM_CONVERSION = YES;
				CLANG_WARN_INFINITE_RECURSION = YES;
				CLANG_WARN_INT_CONVERSION = YES;
				CLANG_WARN_OBJC_ROOT_CLASS = YES_ERROR;
				CLANG_WARN_SUSPICIOUS_MOVE = YES;
				CLANG_WARN_UNREACHABLE_CODE = YES;
				CLANG_WARN__DUPLICATE_METHOD_MATCH = YES;
				"CODE_SIGN_IDENTITY[sdk=iphoneos*]" = "iPhone Developer";
				COPY_PHASE_STRIP = NO;
				DEBUG_INFORMATION_FORMAT = dwarf;
				ENABLE_STRICT_OBJC_MSGSEND = YES;
				ENABLE_TESTABILITY = YES;
				GCC_C_LANGUAGE_STANDARD = gnu99;
				GCC_DYNAMIC_NO_PIC = NO;
				GCC_NO_COMMON_BLOCKS = YES;
				GCC_OPTIMIZATION_LEVEL = 0;
				GCC_PREPROCESSOR_DEFINITIONS = (
					"DEBUG=1",
					"$(inherited)",
				);
				GCC_WARN_64_TO_32_BIT_CONVERSION = YES;
				GCC_WARN_ABOUT_RETURN_TYPE = YES_ERROR;
				GCC_WARN_UNDECLARED_SELECTOR = YES;
				GCC_WARN_UNINITIALIZED_AUTOS = YES_AGGRESSIVE;
				GCC_WARN_UNUSED_FUNCTION = YES;
				GCC_WARN_UNUSED_VARIABLE = YES;
				IPHONEOS_DEPLOYMENT_TARGET = 10.3;
				MTL_ENABLE_DEBUG_INFO = YES;
				ONLY_ACTIVE_ARCH = YES;
				SDKROOT = iphoneos;
				SWIFT_ACTIVE_COMPILATION_CONDITIONS = DEBUG;
				SWIFT_OPTIMIZATION_LEVEL = "-Onone";
				TARGETED_DEVICE_FAMILY = "1,2";
			};
			name = Debug;
		};
		9A744CC21F451E37001EE6AA /* Release */ = {
			isa = XCBuildConfiguration;
			buildSettings = {
				ALWAYS_SEARCH_USER_PATHS = NO;
				CLANG_ANALYZER_NONNULL = YES;
				CLANG_ANALYZER_NUMBER_OBJECT_CONVERSION = YES_AGGRESSIVE;
				CLANG_CXX_LANGUAGE_STANDARD = "gnu++0x";
				CLANG_CXX_LIBRARY = "libc++";
				CLANG_ENABLE_MODULES = YES;
				CLANG_ENABLE_OBJC_ARC = YES;
				CLANG_WARN_BOOL_CONVERSION = YES;
				CLANG_WARN_CONSTANT_CONVERSION = YES;
				CLANG_WARN_DIRECT_OBJC_ISA_USAGE = YES_ERROR;
				CLANG_WARN_DOCUMENTATION_COMMENTS = YES;
				CLANG_WARN_EMPTY_BODY = YES;
				CLANG_WARN_ENUM_CONVERSION = YES;
				CLANG_WARN_INFINITE_RECURSION = YES;
				CLANG_WARN_INT_CONVERSION = YES;
				CLANG_WARN_OBJC_ROOT_CLASS = YES_ERROR;
				CLANG_WARN_SUSPICIOUS_MOVE = YES;
				CLANG_WARN_UNREACHABLE_CODE = YES;
				CLANG_WARN__DUPLICATE_METHOD_MATCH = YES;
				"CODE_SIGN_IDENTITY[sdk=iphoneos*]" = "iPhone Developer";
				COPY_PHASE_STRIP = NO;
				DEBUG_INFORMATION_FORMAT = "dwarf-with-dsym";
				ENABLE_NS_ASSERTIONS = NO;
				ENABLE_STRICT_OBJC_MSGSEND = YES;
				GCC_C_LANGUAGE_STANDARD = gnu99;
				GCC_NO_COMMON_BLOCKS = YES;
				GCC_WARN_64_TO_32_BIT_CONVERSION = YES;
				GCC_WARN_ABOUT_RETURN_TYPE = YES_ERROR;
				GCC_WARN_UNDECLARED_SELECTOR = YES;
				GCC_WARN_UNINITIALIZED_AUTOS = YES_AGGRESSIVE;
				GCC_WARN_UNUSED_FUNCTION = YES;
				GCC_WARN_UNUSED_VARIABLE = YES;
				IPHONEOS_DEPLOYMENT_TARGET = 10.3;
				MTL_ENABLE_DEBUG_INFO = NO;
				SDKROOT = iphoneos;
				SWIFT_OPTIMIZATION_LEVEL = "-Owholemodule";
				TARGETED_DEVICE_FAMILY = "1,2";
				VALIDATE_PRODUCT = YES;
			};
			name = Release;
		};
		9A744CC41F451E37001EE6AA /* Debug */ = {
			isa = XCBuildConfiguration;
			buildSettings = {
				ASSETCATALOG_COMPILER_APPICON_NAME = AppIcon;
				DEVELOPMENT_TEAM = T6F7RS8K8M;
				INFOPLIST_FILE = MyBook/Info.plist;
				LD_RUNPATH_SEARCH_PATHS = "$(inherited) @executable_path/Frameworks";
				PRODUCT_BUNDLE_IDENTIFIER = com.cj.MyBook;
				PRODUCT_NAME = "$(TARGET_NAME)";
				SWIFT_VERSION = 3.0;
			};
			name = Debug;
		};
		9A744CC51F451E37001EE6AA /* Release */ = {
			isa = XCBuildConfiguration;
			buildSettings = {
				ASSETCATALOG_COMPILER_APPICON_NAME = AppIcon;
				DEVELOPMENT_TEAM = T6F7RS8K8M;
				INFOPLIST_FILE = MyBook/Info.plist;
				LD_RUNPATH_SEARCH_PATHS = "$(inherited) @executable_path/Frameworks";
				PRODUCT_BUNDLE_IDENTIFIER = com.cj.MyBook;
				PRODUCT_NAME = "$(TARGET_NAME)";
				SWIFT_VERSION = 3.0;
			};
			name = Release;
		};
/* End XCBuildConfiguration section */

/* Begin XCConfigurationList section */
		9A744CAC1F451E37001EE6AA /* Build configuration list for PBXProject "MyBook" */ = {
			isa = XCConfigurationList;
			buildConfigurations = (
				9A744CC11F451E37001EE6AA /* Debug */,
				9A744CC21F451E37001EE6AA /* Release */,
			);
			defaultConfigurationIsVisible = 0;
			defaultConfigurationName = Release;
		};
		9A744CC31F451E37001EE6AA /* Build configuration list for PBXNativeTarget "MyBook" */ = {
			isa = XCConfigurationList;
			buildConfigurations = (
				9A744CC41F451E37001EE6AA /* Debug */,
				9A744CC51F451E37001EE6AA /* Release */,
			);
			defaultConfigurationIsVisible = 0;
		};
/* End XCConfigurationList section */
	};
	rootObject = 9A744CA91F451E37001EE6AA /* Project object */;
}
